
Microsoft Visual Studio Solution File, Format Version 12.00
# Visual Studio Version 16
VisualStudioVersion = 16.0.29613.14
MinimumVisualStudioVersion = 10.0.40219.1
Project("{8BC9CEB8-8B4A-11D0-8D11-00A0C91BC942}") = "LeetCode_C++", "LeetCode_C++\LeetCode_C++.vcxproj", "{2E212004-1677-4522-93C3-A87A133DC529}"
EndProject
Global
	GlobalSection(SolutionConfigurationPlatforms) = preSolution
		Debug|x64 = Debug|x64
		Debug|x86 = Debug|x86
		Release|x64 = Release|x64
		Release|x86 = Release|x86
	EndGlobalSection
	GlobalSection(ProjectConfigurationPlatforms) = postSolution
		{2E212004-1677-4522-93C3-A87A133DC529}.Debug|x64.ActiveCfg = Debug|x64
		{2E212004-1677-4522-93C3-A87A133DC529}.Debug|x64.Build.0 = Debug|x64
		{2E212004-1677-4522-93C3-A87A133DC529}.Debug|x86.ActiveCfg = Debug|Win32
		{2E212004-1677-4522-93C3-A87A133DC529}.Debug|x86.Build.0 = Debug|Win32
		{2E212004-1677-4522-93C3-A87A133DC529}.Release|x64.ActiveCfg = Release|x64
		{2E212004-1677-4522-93C3-A87A133DC529}.Release|x64.Build.0 = Release|x64
		{2E212004-1677-4522-93C3-A87A133DC529}.Release|x86.ActiveCfg = Release|Win32
		{2E212004-1677-4522-93C3-A87A133DC529}.Release|x86.Build.0 = Release|Win32
	EndGlobalSection
	GlobalSection(SolutionProperties) = preSolution
		HideSolutionNode = FALSE
	EndGlobalSection
	GlobalSection(ExtensibilityGlobals) = postSolution
		SolutionGuid = {ED24C602-4282-45CC-9C44-216B61AE3E7A}
	EndGlobalSection
EndGlobal
